
Microsoft Visual Studio Solution File, Format Version 12.00
# Visual Studio Version 17
VisualStudioVersion = 17.1.32328.378
MinimumVisualStudioVersion = 10.0.40219.1
Project("{FAE04EC0-301F-11D3-BF4B-00C04F79EFBC}") = "NyssDecypher", "NyssDecypher\NyssDecypher.csproj", "{9DEC800C-6DA9-4D59-B5BF-D6C5FA99DFFD}"
EndProject
Project("{FAE04EC0-301F-11D3-BF4B-00C04F79EFBC}") = "NyssDecypher.Test", "NyssDecypherTest\NyssDecypher.Test.csproj", "{3C80EF3E-2D4F-4370-B930-ADE117218326}"
EndProject
Global
	GlobalSection(SolutionConfigurationPlatforms) = preSolution
		Debug|Any CPU = Debug|Any CPU
		Release|Any CPU = Release|Any CPU
	EndGlobalSection
	GlobalSection(ProjectConfigurationPlatforms) = postSolution
		{9DEC800C-6DA9-4D59-B5BF-D6C5FA99DFFD}.Debug|Any CPU.ActiveCfg = Debug|Any CPU
		{9DEC800C-6DA9-4D59-B5BF-D6C5FA99DFFD}.Debug|Any CPU.Build.0 = Debug|Any CPU
		{9DEC800C-6DA9-4D59-B5BF-D6C5FA99DFFD}.Release|Any CPU.ActiveCfg = Release|Any CPU
		{9DEC800C-6DA9-4D59-B5BF-D6C5FA99DFFD}.Release|Any CPU.Build.0 = Release|Any CPU
		{3C80EF3E-2D4F-4370-B930-ADE117218326}.Debug|Any CPU.ActiveCfg = Debug|Any CPU
		{3C80EF3E-2D4F-4370-B930-ADE117218326}.Debug|Any CPU.Build.0 = Debug|Any CPU
		{3C80EF3E-2D4F-4370-B930-ADE117218326}.Release|Any CPU.ActiveCfg = Release|Any CPU
		{3C80EF3E-2D4F-4370-B930-ADE117218326}.Release|Any CPU.Build.0 = Release|Any CPU
	EndGlobalSection
	GlobalSection(SolutionProperties) = preSolution
		HideSolutionNode = FALSE
	EndGlobalSection
	GlobalSection(ExtensibilityGlobals) = postSolution
		SolutionGuid = {5062108F-9D5D-46C9-98B7-419ABCAE6650}
	EndGlobalSection
EndGlobal
